
Microsoft Visual Studio Solution File, Format Version 12.00
# Visual Studio Version 16
VisualStudioVersion = 16.0.30413.136
MinimumVisualStudioVersion = 10.0.40219.1
Project("{FAE04EC0-301F-11D3-BF4B-00C04F79EFBC}") = "Clases", "Clases\Clases.csproj", "{B42FDAC7-B1F1-4FF3-9720-90BF45E90AD7}"
EndProject
Global
	GlobalSection(SolutionConfigurationPlatforms) = preSolution
		Debug|Any CPU = Debug|Any CPU
		Release|Any CPU = Release|Any CPU
	EndGlobalSection
	GlobalSection(ProjectConfigurationPlatforms) = postSolution
		{B42FDAC7-B1F1-4FF3-9720-90BF45E90AD7}.Debug|Any CPU.ActiveCfg = Debug|Any CPU
		{B42FDAC7-B1F1-4FF3-9720-90BF45E90AD7}.Debug|Any CPU.Build.0 = Debug|Any CPU
		{B42FDAC7-B1F1-4FF3-9720-90BF45E90AD7}.Release|Any CPU.ActiveCfg = Release|Any CPU
		{B42FDAC7-B1F1-4FF3-9720-90BF45E90AD7}.Release|Any CPU.Build.0 = Release|Any CPU
	EndGlobalSection
	GlobalSection(SolutionProperties) = preSolution
		HideSolutionNode = FALSE
	EndGlobalSection
	GlobalSection(ExtensibilityGlobals) = postSolution
		SolutionGuid = {C5670B4D-1959-4841-8B11-6A8DAC71CAA3}
	EndGlobalSection
EndGlobal
